
Microsoft Visual Studio Solution File, Format Version 12.00
# Visual Studio Version 17
VisualStudioVersion = 17.2.32616.157
MinimumVisualStudioVersion = 10.0.40219.1
Project("{FAE04EC0-301F-11D3-BF4B-00C04F79EFBC}") = "ConsoleApp1", "ConsoleApp1\ConsoleApp1.csproj", "{6410691D-6FA7-40A9-BD8B-7419F280E7B7}"
EndProject
Global
	GlobalSection(SolutionConfigurationPlatforms) = preSolution
		Debug|Any CPU = Debug|Any CPU
		Release|Any CPU = Release|Any CPU
	EndGlobalSection
	GlobalSection(ProjectConfigurationPlatforms) = postSolution
		{6410691D-6FA7-40A9-BD8B-7419F280E7B7}.Debug|Any CPU.ActiveCfg = Debug|Any CPU
		{6410691D-6FA7-40A9-BD8B-7419F280E7B7}.Debug|Any CPU.Build.0 = Debug|Any CPU
		{6410691D-6FA7-40A9-BD8B-7419F280E7B7}.Release|Any CPU.ActiveCfg = Release|Any CPU
		{6410691D-6FA7-40A9-BD8B-7419F280E7B7}.Release|Any CPU.Build.0 = Release|Any CPU
	EndGlobalSection
	GlobalSection(SolutionProperties) = preSolution
		HideSolutionNode = FALSE
	EndGlobalSection
	GlobalSection(ExtensibilityGlobals) = postSolution
		SolutionGuid = {F244C1B7-7CFE-46A9-9A3A-46A0AF89F253}
	EndGlobalSection
EndGlobal
